// !$*UTF8*$!
{
	archiveVersion = 1;
	classes = {
	};
	objectVersion = 50;
	objects = {

/* Begin PBXBuildFile section */
		461D58902647C281003DF43E /* MyButtonView.swift in Sources */ = {isa = PBXBuildFile; fileRef = 461D588F2647C281003DF43E /* MyButtonView.swift */; };
		461D58932647C560003DF43E /* MyTextFieldView.swift in Sources */ = {isa = PBXBuildFile; fileRef = 461D58922647C560003DF43E /* MyTextFieldView.swift */; };
		467AB59A2642A7B70065FFFB /* AppDelegate.swift in Sources */ = {isa = PBXBuildFile; fileRef = 467AB5992642A7B70065FFFB /* AppDelegate.swift */; };
		467AB59C2642A7B70065FFFB /* SceneDelegate.swift in Sources */ = {isa = PBXBuildFile; fileRef = 467AB59B2642A7B70065FFFB /* SceneDelegate.swift */; };
		467AB59E2642A7B70065FFFB /* SwiftUIFramework.swift in Sources */ = {isa = PBXBuildFile; fileRef = 467AB59D2642A7B70065FFFB /* SwiftUIFramework.swift */; };
		467AB5A12642A7B70065FFFB /* SwiftUIDemo.xcdatamodeld in Sources */ = {isa = PBXBuildFile; fileRef = 467AB59F2642A7B70065FFFB /* SwiftUIDemo.xcdatamodeld */; };
		467AB5A32642A7B90065FFFB /* Assets.xcassets in Resources */ = {isa = PBXBuildFile; fileRef = 467AB5A22642A7B90065FFFB /* Assets.xcassets */; };
		467AB5A62642A7B90065FFFB /* Preview Assets.xcassets in Resources */ = {isa = PBXBuildFile; fileRef = 467AB5A52642A7B90065FFFB /* Preview Assets.xcassets */; };
		467AB5A92642A7B90065FFFB /* LaunchScreen.storyboard in Resources */ = {isa = PBXBuildFile; fileRef = 467AB5A72642A7B90065FFFB /* LaunchScreen.storyboard */; };
		4680059726467F0A003D79EA /* LayoutGroups.swift in Sources */ = {isa = PBXBuildFile; fileRef = 4680059626467F0A003D79EA /* LayoutGroups.swift */; };
		4680059B26468B7A003D79EA /* DescriptionView.swift in Sources */ = {isa = PBXBuildFile; fileRef = 4680059A26468B7A003D79EA /* DescriptionView.swift */; };
		4680059F26468B95003D79EA /* TitleView.swift in Sources */ = {isa = PBXBuildFile; fileRef = 4680059E26468B95003D79EA /* TitleView.swift */; };
		46A87F99264695FC00CBDB5E /* PropertyWrappersView.swift in Sources */ = {isa = PBXBuildFile; fileRef = 46A87F98264695FC00CBDB5E /* PropertyWrappersView.swift */; };
		46A87F9E2646A5AB00CBDB5E /* AppData.swift in Sources */ = {isa = PBXBuildFile; fileRef = 46A87F9D2646A5AB00CBDB5E /* AppData.swift */; };
		46A87FA12646A7DD00CBDB5E /* BookDataView.swift in Sources */ = {isa = PBXBuildFile; fileRef = 46A87FA02646A7DD00CBDB5E /* BookDataView.swift */; };
		46FA69C32647C9C400CFC74A /* ToggleSliderStepperView.swift in Sources */ = {isa = PBXBuildFile; fileRef = 46FA69C22647C9C400CFC74A /* ToggleSliderStepperView.swift */; };
		46FA69C62647EC9900CFC74A /* MyNavigationView.swift in Sources */ = {isa = PBXBuildFile; fileRef = 46FA69C52647EC9900CFC74A /* MyNavigationView.swift */; };
		46FA69C92647F29D00CFC74A /* MyTabView.swift in Sources */ = {isa = PBXBuildFile; fileRef = 46FA69C82647F29D00CFC74A /* MyTabView.swift */; };
/* End PBXBuildFile section */

/* Begin PBXFileReference section */
		461D588F2647C281003DF43E /* MyButtonView.swift */ = {isa = PBXFileReference; lastKnownFileType = sourcecode.swift; path = MyButtonView.swift; sourceTree = "<group>"; };
		461D58922647C560003DF43E /* MyTextFieldView.swift */ = {isa = PBXFileReference; lastKnownFileType = sourcecode.swift; path = MyTextFieldView.swift; sourceTree = "<group>"; };
		467AB5962642A7B70065FFFB /* SwiftUIDemo.app */ = {isa = PBXFileReference; explicitFileType = wrapper.application; includeInIndex = 0; path = SwiftUIDemo.app; sourceTree = BUILT_PRODUCTS_DIR; };
		467AB5992642A7B70065FFFB /* AppDelegate.swift */ = {isa = PBXFileReference; lastKnownFileType = sourcecode.swift; path = AppDelegate.swift; sourceTree = "<group>"; };
		467AB59B2642A7B70065FFFB /* SceneDelegate.swift */ = {isa = PBXFileReference; lastKnownFileType = sourcecode.swift; path = SceneDelegate.swift; sourceTree = "<group>"; };
		467AB59D2642A7B70065FFFB /* SwiftUIFramework.swift */ = {isa = PBXFileReference; lastKnownFileType = sourcecode.swift; path = SwiftUIFramework.swift; sourceTree = "<group>"; };
		467AB5A02642A7B70065FFFB /* SwiftUIDemo.xcdatamodel */ = {isa = PBXFileReference; lastKnownFileType = wrapper.xcdatamodel; path = SwiftUIDemo.xcdatamodel; sourceTree = "<group>"; };
		467AB5A22642A7B90065FFFB /* Assets.xcassets */ = {isa = PBXFileReference; lastKnownFileType = folder.assetcatalog; path = Assets.xcassets; sourceTree = "<group>"; };
		467AB5A52642A7B90065FFFB /* Preview Assets.xcassets */ = {isa = PBXFileReference; lastKnownFileType = folder.assetcatalog; path = "Preview Assets.xcassets"; sourceTree = "<group>"; };
		467AB5A82642A7B90065FFFB /* Base */ = {isa = PBXFileReference; lastKnownFileType = file.storyboard; name = Base; path = Base.lproj/LaunchScreen.storyboard; sourceTree = "<group>"; };
		467AB5AA2642A7B90065FFFB /* Info.plist */ = {isa = PBXFileReference; lastKnownFileType = text.plist.xml; path = Info.plist; sourceTree = "<group>"; };
		4680059626467F0A003D79EA /* LayoutGroups.swift */ = {isa = PBXFileReference; lastKnownFileType = sourcecode.swift; path = LayoutGroups.swift; sourceTree = "<group>"; };
		4680059A26468B7A003D79EA /* DescriptionView.swift */ = {isa = PBXFileReference; lastKnownFileType = sourcecode.swift; path = DescriptionView.swift; sourceTree = "<group>"; };
		4680059E26468B95003D79EA /* TitleView.swift */ = {isa = PBXFileReference; lastKnownFileType = sourcecode.swift; path = TitleView.swift; sourceTree = "<group>"; };
		46A87F98264695FC00CBDB5E /* PropertyWrappersView.swift */ = {isa = PBXFileReference; lastKnownFileType = sourcecode.swift; path = PropertyWrappersView.swift; sourceTree = "<group>"; };
		46A87F9D2646A5AB00CBDB5E /* AppData.swift */ = {isa = PBXFileReference; lastKnownFileType = sourcecode.swift; path = AppData.swift; sourceTree = "<group>"; };
		46A87FA02646A7DD00CBDB5E /* BookDataView.swift */ = {isa = PBXFileReference; lastKnownFileType = sourcecode.swift; path = BookDataView.swift; sourceTree = "<group>"; };
		46FA69C22647C9C400CFC74A /* ToggleSliderStepperView.swift */ = {isa = PBXFileReference; lastKnownFileType = sourcecode.swift; path = ToggleSliderStepperView.swift; sourceTree = "<group>"; };
		46FA69C52647EC9900CFC74A /* MyNavigationView.swift */ = {isa = PBXFileReference; lastKnownFileType = sourcecode.swift; path = MyNavigationView.swift; sourceTree = "<group>"; };
		46FA69C82647F29D00CFC74A /* MyTabView.swift */ = {isa = PBXFileReference; lastKnownFileType = sourcecode.swift; path = MyTabView.swift; sourceTree = "<group>"; };
/* End PBXFileReference section */

/* Begin PBXFrameworksBuildPhase section */
		467AB5932642A7B70065FFFB /* Frameworks */ = {
			isa = PBXFrameworksBuildPhase;
			buildActionMask = 2147483647;
			files = (
			);
			runOnlyForDeploymentPostprocessing = 0;
		};
/* End PBXFrameworksBuildPhase section */

/* Begin PBXGroup section */
		467AB58D2642A7B70065FFFB = {
			isa = PBXGroup;
			children = (
				467AB5982642A7B70065FFFB /* SwiftUIDemo */,
				467AB5972642A7B70065FFFB /* Products */,
			);
			sourceTree = "<group>";
		};
		467AB5972642A7B70065FFFB /* Products */ = {
			isa = PBXGroup;
			children = (
				467AB5962642A7B70065FFFB /* SwiftUIDemo.app */,
			);
			name = Products;
			sourceTree = "<group>";
		};
		467AB5982642A7B70065FFFB /* SwiftUIDemo */ = {
			isa = PBXGroup;
			children = (
				46A87F9C2646A59600CBDB5E /* Models */,
				468005A626468C7A003D79EA /* CoreData */,
				468005A526468C6F003D79EA /* Storyboards */,
				468005A426468C55003D79EA /* Resources */,
				468005A326468C3E003D79EA /* Delegate */,
				468005A226468C28003D79EA /* Views */,
				467AB5A42642A7B90065FFFB /* Preview Content */,
			);
			path = SwiftUIDemo;
			sourceTree = "<group>";
		};
		467AB5A42642A7B90065FFFB /* Preview Content */ = {
			isa = PBXGroup;
			children = (
				467AB5A52642A7B90065FFFB /* Preview Assets.xcassets */,
			);
			path = "Preview Content";
			sourceTree = "<group>";
		};
		4680059926468B63003D79EA /* LayoutGroupsView */ = {
			isa = PBXGroup;
			children = (
				4680059626467F0A003D79EA /* LayoutGroups.swift */,
				4680059A26468B7A003D79EA /* DescriptionView.swift */,
				4680059E26468B95003D79EA /* TitleView.swift */,
			);
			path = LayoutGroupsView;
			sourceTree = "<group>";
		};
		468005A226468C28003D79EA /* Views */ = {
			isa = PBXGroup;
			children = (
				46A87F97264695E600CBDB5E /* PropertyWrappers */,
				467AB59D2642A7B70065FFFB /* SwiftUIFramework.swift */,
				4680059926468B63003D79EA /* LayoutGroupsView */,
				461D588F2647C281003DF43E /* MyButtonView.swift */,
				461D58922647C560003DF43E /* MyTextFieldView.swift */,
				46FA69C22647C9C400CFC74A /* ToggleSliderStepperView.swift */,
				46FA69C52647EC9900CFC74A /* MyNavigationView.swift */,
				46FA69C82647F29D00CFC74A /* MyTabView.swift */,
			);
			path = Views;
			sourceTree = "<group>";
		};
		468005A326468C3E003D79EA /* Delegate */ = {
			isa = PBXGroup;
			children = (
				467AB5992642A7B70065FFFB /* AppDelegate.swift */,
				467AB59B2642A7B70065FFFB /* SceneDelegate.swift */,
			);
			path = Delegate;
			sourceTree = "<group>";
		};
		468005A426468C55003D79EA /* Resources */ = {
			isa = PBXGroup;
			children = (
				467AB5A22642A7B90065FFFB /* Assets.xcassets */,
				467AB5AA2642A7B90065FFFB /* Info.plist */,
			);
			name = Resources;
			sourceTree = "<group>";
		};
		468005A526468C6F003D79EA /* Storyboards */ = {
			isa = PBXGroup;
			children = (
				467AB5A72642A7B90065FFFB /* LaunchScreen.storyboard */,
			);
			path = Storyboards;
			sourceTree = "<group>";
		};
		468005A626468C7A003D79EA /* CoreData */ = {
			isa = PBXGroup;
			children = (
				467AB59F2642A7B70065FFFB /* SwiftUIDemo.xcdatamodeld */,
			);
			path = CoreData;
			sourceTree = "<group>";
		};
		46A87F97264695E600CBDB5E /* PropertyWrappers */ = {
			isa = PBXGroup;
			children = (
				46A87F98264695FC00CBDB5E /* PropertyWrappersView.swift */,
				46A87FA02646A7DD00CBDB5E /* BookDataView.swift */,
			);
			path = PropertyWrappers;
			sourceTree = "<group>";
		};
		46A87F9C2646A59600CBDB5E /* Models */ = {
			isa = PBXGroup;
			children = (
				46A87F9D2646A5AB00CBDB5E /* AppData.swift */,
			);
			path = Models;
			sourceTree = "<group>";
		};
/* End PBXGroup section */

/* Begin PBXNativeTarget section */
		467AB5952642A7B70065FFFB /* SwiftUIDemo */ = {
			isa = PBXNativeTarget;
			buildConfigurationList = 467AB5AD2642A7B90065FFFB /* Build configuration list for PBXNativeTarget "SwiftUIDemo" */;
			buildPhases = (
				467AB5922642A7B70065FFFB /* Sources */,
				467AB5932642A7B70065FFFB /* Frameworks */,
				467AB5942642A7B70065FFFB /* Resources */,
			);
			buildRules = (
			);
			dependencies = (
			);
			name = SwiftUIDemo;
			productName = SwiftUIDemo;
			productReference = 467AB5962642A7B70065FFFB /* SwiftUIDemo.app */;
			productType = "com.apple.product-type.application";
		};
/* End PBXNativeTarget section */

/* Begin PBXProject section */
		467AB58E2642A7B70065FFFB /* Project object */ = {
			isa = PBXProject;
			attributes = {
				LastSwiftUpdateCheck = 1230;
				LastUpgradeCheck = 1230;
				TargetAttributes = {
					467AB5952642A7B70065FFFB = {
						CreatedOnToolsVersion = 12.3;
					};
				};
			};
			buildConfigurationList = 467AB5912642A7B70065FFFB /* Build configuration list for PBXProject "SwiftUIDemo" */;
			compatibilityVersion = "Xcode 9.3";
			developmentRegion = en;
			hasScannedForEncodings = 0;
			knownRegions = (
				en,
				Base,
			);
			mainGroup = 467AB58D2642A7B70065FFFB;
			productRefGroup = 467AB5972642A7B70065FFFB /* Products */;
			projectDirPath = "";
			projectRoot = "";
			targets = (
				467AB5952642A7B70065FFFB /* SwiftUIDemo */,
			);
		};
/* End PBXProject section */

/* Begin PBXResourcesBuildPhase section */
		467AB5942642A7B70065FFFB /* Resources */ = {
			isa = PBXResourcesBuildPhase;
			buildActionMask = 2147483647;
			files = (
				467AB5A92642A7B90065FFFB /* LaunchScreen.storyboard in Resources */,
				467AB5A62642A7B90065FFFB /* Preview Assets.xcassets in Resources */,
				467AB5A32642A7B90065FFFB /* Assets.xcassets in Resources */,
			);
			runOnlyForDeploymentPostprocessing = 0;
		};
/* End PBXResourcesBuildPhase section */

/* Begin PBXSourcesBuildPhase section */
		467AB5922642A7B70065FFFB /* Sources */ = {
			isa = PBXSourcesBuildPhase;
			buildActionMask = 2147483647;
			files = (
				4680059F26468B95003D79EA /* TitleView.swift in Sources */,
				461D58902647C281003DF43E /* MyButtonView.swift in Sources */,
				46A87F99264695FC00CBDB5E /* PropertyWrappersView.swift in Sources */,
				461D58932647C560003DF43E /* MyTextFieldView.swift in Sources */,
				46FA69C92647F29D00CFC74A /* MyTabView.swift in Sources */,
				467AB5A12642A7B70065FFFB /* SwiftUIDemo.xcdatamodeld in Sources */,
				46A87FA12646A7DD00CBDB5E /* BookDataView.swift in Sources */,
				46FA69C62647EC9900CFC74A /* MyNavigationView.swift in Sources */,
				46FA69C32647C9C400CFC74A /* ToggleSliderStepperView.swift in Sources */,
				4680059726467F0A003D79EA /* LayoutGroups.swift in Sources */,
				467AB59A2642A7B70065FFFB /* AppDelegate.swift in Sources */,
				4680059B26468B7A003D79EA /* DescriptionView.swift in Sources */,
				467AB59C2642A7B70065FFFB /* SceneDelegate.swift in Sources */,
				467AB59E2642A7B70065FFFB /* SwiftUIFramework.swift in Sources */,
				46A87F9E2646A5AB00CBDB5E /* AppData.swift in Sources */,
			);
			runOnlyForDeploymentPostprocessing = 0;
		};
/* End PBXSourcesBuildPhase section */

/* Begin PBXVariantGroup section */
		467AB5A72642A7B90065FFFB /* LaunchScreen.storyboard */ = {
			isa = PBXVariantGroup;
			children = (
				467AB5A82642A7B90065FFFB /* Base */,
			);
			name = LaunchScreen.storyboard;
			sourceTree = "<group>";
		};
/* End PBXVariantGroup section */

/* Begin XCBuildConfiguration section */
		467AB5AB2642A7B90065FFFB /* Debug */ = {
			isa = XCBuildConfiguration;
			buildSettings = {
				ALWAYS_SEARCH_USER_PATHS = NO;
				CLANG_ANALYZER_NONNULL = YES;
				CLANG_ANALYZER_NUMBER_OBJECT_CONVERSION = YES_AGGRESSIVE;
				CLANG_CXX_LANGUAGE_STANDARD = "gnu++14";
				CLANG_CXX_LIBRARY = "libc++";
				CLANG_ENABLE_MODULES = YES;
				CLANG_ENABLE_OBJC_ARC = YES;
				CLANG_ENABLE_OBJC_WEAK = YES;
				CLANG_WARN_BLOCK_CAPTURE_AUTORELEASING = YES;
				CLANG_WARN_BOOL_CONVERSION = YES;
				CLANG_WARN_COMMA = YES;
				CLANG_WARN_CONSTANT_CONVERSION = YES;
				CLANG_WARN_DEPRECATED_OBJC_IMPLEMENTATIONS = YES;
				CLANG_WARN_DIRECT_OBJC_ISA_USAGE = YES_ERROR;
				CLANG_WARN_DOCUMENTATION_COMMENTS = YES;
				CLANG_WARN_EMPTY_BODY = YES;
				CLANG_WARN_ENUM_CONVERSION = YES;
				CLANG_WARN_INFINITE_RECURSION = YES;
				CLANG_WARN_INT_CONVERSION = YES;
				CLANG_WARN_NON_LITERAL_NULL_CONVERSION = YES;
				CLANG_WARN_OBJC_IMPLICIT_RETAIN_SELF = YES;
				CLANG_WARN_OBJC_LITERAL_CONVERSION = YES;
				CLANG_WARN_OBJC_ROOT_CLASS = YES_ERROR;
				CLANG_WARN_QUOTED_INCLUDE_IN_FRAMEWORK_HEADER = YES;
				CLANG_WARN_RANGE_LOOP_ANALYSIS = YES;
				CLANG_WARN_STRICT_PROTOTYPES = YES;
				CLANG_WARN_SUSPICIOUS_MOVE = YES;
				CLANG_WARN_UNGUARDED_AVAILABILITY = YES_AGGRESSIVE;
				CLANG_WARN_UNREACHABLE_CODE = YES;
				CLANG_WARN__DUPLICATE_METHOD_MATCH = YES;
				COPY_PHASE_STRIP = NO;
				DEBUG_INFORMATION_FORMAT = dwarf;
				ENABLE_STRICT_OBJC_MSGSEND = YES;
				ENABLE_TESTABILITY = YES;
				GCC_C_LANGUAGE_STANDARD = gnu11;
				GCC_DYNAMIC_NO_PIC = NO;
				GCC_NO_COMMON_BLOCKS = YES;
				GCC_OPTIMIZATION_LEVEL = 0;
				GCC_PREPROCESSOR_DEFINITIONS = (
					"DEBUG=1",
					"$(inherited)",
				);
				GCC_WARN_64_TO_32_BIT_CONVERSION = YES;
				GCC_WARN_ABOUT_RETURN_TYPE = YES_ERROR;
				GCC_WARN_UNDECLARED_SELECTOR = YES;
				GCC_WARN_UNINITIALIZED_AUTOS = YES_AGGRESSIVE;
				GCC_WARN_UNUSED_FUNCTION = YES;
				GCC_WARN_UNUSED_VARIABLE = YES;
				IPHONEOS_DEPLOYMENT_TARGET = 14.3;
				MTL_ENABLE_DEBUG_INFO = INCLUDE_SOURCE;
				MTL_FAST_MATH = YES;
				ONLY_ACTIVE_ARCH = YES;
				SDKROOT = iphoneos;
				SWIFT_ACTIVE_COMPILATION_CONDITIONS = DEBUG;
				SWIFT_OPTIMIZATION_LEVEL = "-Onone";
			};
			name = Debug;
		};
		467AB5AC2642A7B90065FFFB /* Release */ = {
			isa = XCBuildConfiguration;
			buildSettings = {
				ALWAYS_SEARCH_USER_PATHS = NO;
				CLANG_ANALYZER_NONNULL = YES;
				CLANG_ANALYZER_NUMBER_OBJECT_CONVERSION = YES_AGGRESSIVE;
				CLANG_CXX_LANGUAGE_STANDARD = "gnu++14";
				CLANG_CXX_LIBRARY = "libc++";
				CLANG_ENABLE_MODULES = YES;
				CLANG_ENABLE_OBJC_ARC = YES;
				CLANG_ENABLE_OBJC_WEAK = YES;
				CLANG_WARN_BLOCK_CAPTURE_AUTORELEASING = YES;
				CLANG_WARN_BOOL_CONVERSION = YES;
				CLANG_WARN_COMMA = YES;
				CLANG_WARN_CONSTANT_CONVERSION = YES;
				CLANG_WARN_DEPRECATED_OBJC_IMPLEMENTATIONS = YES;
				CLANG_WARN_DIRECT_OBJC_ISA_USAGE = YES_ERROR;
				CLANG_WARN_DOCUMENTATION_COMMENTS = YES;
				CLANG_WARN_EMPTY_BODY = YES;
				CLANG_WARN_ENUM_CONVERSION = YES;
				CLANG_WARN_INFINITE_RECURSION = YES;
				CLANG_WARN_INT_CONVERSION = YES;
				CLANG_WARN_NON_LITERAL_NULL_CONVERSION = YES;
				CLANG_WARN_OBJC_IMPLICIT_RETAIN_SELF = YES;
				CLANG_WARN_OBJC_LITERAL_CONVERSION = YES;
				CLANG_WARN_OBJC_ROOT_CLASS = YES_ERROR;
				CLANG_WARN_QUOTED_INCLUDE_IN_FRAMEWORK_HEADER = YES;
				CLANG_WARN_RANGE_LOOP_ANALYSIS = YES;
				CLANG_WARN_STRICT_PROTOTYPES = YES;
				CLANG_WARN_SUSPICIOUS_MOVE = YES;
				CLANG_WARN_UNGUARDED_AVAILABILITY = YES_AGGRESSIVE;
				CLANG_WARN_UNREACHABLE_CODE = YES;
				CLANG_WARN__DUPLICATE_METHOD_MATCH = YES;
				COPY_PHASE_STRIP = NO;
				DEBUG_INFORMATION_FORMAT = "dwarf-with-dsym";
				ENABLE_NS_ASSERTIONS = NO;
				ENABLE_STRICT_OBJC_MSGSEND = YES;
				GCC_C_LANGUAGE_STANDARD = gnu11;
				GCC_NO_COMMON_BLOCKS = YES;
				GCC_WARN_64_TO_32_BIT_CONVERSION = YES;
				GCC_WARN_ABOUT_RETURN_TYPE = YES_ERROR;
				GCC_WARN_UNDECLARED_SELECTOR = YES;
				GCC_WARN_UNINITIALIZED_AUTOS = YES_AGGRESSIVE;
				GCC_WARN_UNUSED_FUNCTION = YES;
				GCC_WARN_UNUSED_VARIABLE = YES;
				IPHONEOS_DEPLOYMENT_TARGET = 14.3;
				MTL_ENABLE_DEBUG_INFO = NO;
				MTL_FAST_MATH = YES;
				SDKROOT = iphoneos;
				SWIFT_COMPILATION_MODE = wholemodule;
				SWIFT_OPTIMIZATION_LEVEL = "-O";
				VALIDATE_PRODUCT = YES;
			};
			name = Release;
		};
		467AB5AE2642A7B90065FFFB /* Debug */ = {
			isa = XCBuildConfiguration;
			buildSettings = {
				ASSETCATALOG_COMPILER_APPICON_NAME = AppIcon;
				ASSETCATALOG_COMPILER_GLOBAL_ACCENT_COLOR_NAME = AccentColor;
				CODE_SIGN_STYLE = Automatic;
				DEVELOPMENT_ASSET_PATHS = "\"SwiftUIDemo/Preview Content\"";
				DEVELOPMENT_TEAM = 5776V4BJQC;
				ENABLE_PREVIEWS = YES;
				INFOPLIST_FILE = SwiftUIDemo/Info.plist;
				LD_RUNPATH_SEARCH_PATHS = (
					"$(inherited)",
					"@executable_path/Frameworks",
				);
				PRODUCT_BUNDLE_IDENTIFIER = TA.SwiftUIDemo;
				PRODUCT_NAME = "$(TARGET_NAME)";
				SWIFT_VERSION = 5.0;
				TARGETED_DEVICE_FAMILY = "1,2";
			};
			name = Debug;
		};
		467AB5AF2642A7B90065FFFB /* Release */ = {
			isa = XCBuildConfiguration;
			buildSettings = {
				ASSETCATALOG_COMPILER_APPICON_NAME = AppIcon;
				ASSETCATALOG_COMPILER_GLOBAL_ACCENT_COLOR_NAME = AccentColor;
				CODE_SIGN_STYLE = Automatic;
				DEVELOPMENT_ASSET_PATHS = "\"SwiftUIDemo/Preview Content\"";
				DEVELOPMENT_TEAM = 5776V4BJQC;
				ENABLE_PREVIEWS = YES;
				INFOPLIST_FILE = SwiftUIDemo/Info.plist;
				LD_RUNPATH_SEARCH_PATHS = (
					"$(inherited)",
					"@executable_path/Frameworks",
				);
				PRODUCT_BUNDLE_IDENTIFIER = TA.SwiftUIDemo;
				PRODUCT_NAME = "$(TARGET_NAME)";
				SWIFT_VERSION = 5.0;
				TARGETED_DEVICE_FAMILY = "1,2";
			};
			name = Release;
		};
/* End XCBuildConfiguration section */

/* Begin XCConfigurationList section */
		467AB5912642A7B70065FFFB /* Build configuration list for PBXProject "SwiftUIDemo" */ = {
			isa = XCConfigurationList;
			buildConfigurations = (
				467AB5AB2642A7B90065FFFB /* Debug */,
				467AB5AC2642A7B90065FFFB /* Release */,
			);
			defaultConfigurationIsVisible = 0;
			defaultConfigurationName = Release;
		};
		467AB5AD2642A7B90065FFFB /* Build configuration list for PBXNativeTarget "SwiftUIDemo" */ = {
			isa = XCConfigurationList;
			buildConfigurations = (
				467AB5AE2642A7B90065FFFB /* Debug */,
				467AB5AF2642A7B90065FFFB /* Release */,
			);
			defaultConfigurationIsVisible = 0;
			defaultConfigurationName = Release;
		};
/* End XCConfigurationList section */

/* Begin XCVersionGroup section */
		467AB59F2642A7B70065FFFB /* SwiftUIDemo.xcdatamodeld */ = {
			isa = XCVersionGroup;
			children = (
				467AB5A02642A7B70065FFFB /* SwiftUIDemo.xcdatamodel */,
			);
			currentVersion = 467AB5A02642A7B70065FFFB /* SwiftUIDemo.xcdatamodel */;
			path = SwiftUIDemo.xcdatamodeld;
			sourceTree = "<group>";
			versionGroupType = wrapper.xcdatamodel;
		};
/* End XCVersionGroup section */
	};
	rootObject = 467AB58E2642A7B70065FFFB /* Project object */;
}
